
Microsoft Visual Studio Solution File, Format Version 12.00
# Visual Studio Version 17
VisualStudioVersion = 17.6.33801.468
MinimumVisualStudioVersion = 10.0.40219.1
Project("{FAE04EC0-301F-11D3-BF4B-00C04F79EFBC}") = "family_tree_API", "family_tree_API.csproj", "{FA42643E-6504-4D9C-8290-1282076EFAA0}"
EndProject
Global
	GlobalSection(SolutionConfigurationPlatforms) = preSolution
		Debug|Any CPU = Debug|Any CPU
		Release|Any CPU = Release|Any CPU
	EndGlobalSection
	GlobalSection(ProjectConfigurationPlatforms) = postSolution
		{FA42643E-6504-4D9C-8290-1282076EFAA0}.Debug|Any CPU.ActiveCfg = Debug|Any CPU
		{FA42643E-6504-4D9C-8290-1282076EFAA0}.Debug|Any CPU.Build.0 = Debug|Any CPU
		{FA42643E-6504-4D9C-8290-1282076EFAA0}.Release|Any CPU.ActiveCfg = Release|Any CPU
		{FA42643E-6504-4D9C-8290-1282076EFAA0}.Release|Any CPU.Build.0 = Release|Any CPU
	EndGlobalSection
	GlobalSection(SolutionProperties) = preSolution
		HideSolutionNode = FALSE
	EndGlobalSection
	GlobalSection(ExtensibilityGlobals) = postSolution
		SolutionGuid = {5777581E-5BF7-4CB4-A993-482D993F6456}
	EndGlobalSection
EndGlobal
